{
  "name": "exotel-ip-calling-crm-websdk",
  "version": "1.0.0",
  "lockfileVersion": 2,
  "requires": true,
  "packages": {
    "": {
      "name": "exotel-ip-calling-crm-websdk",
      "version": "1.0.0",
      "license": "Apache-2.0",
      "dependencies": {
        "@exotel-npm-dev/webrtc-client-sdk": "^1.0.11",
        "crypto-js": "^4.2.0"
      }
    },
    "node_modules/@exotel-npm-dev/webrtc-client-sdk": {
      "version": "1.0.11",
      "resolved": "https://registry.npmjs.org/@exotel-npm-dev/webrtc-client-sdk/-/webrtc-client-sdk-1.0.11.tgz",
      "integrity": "sha512-Eu//Pgr8l+h6rLnqJh+QrSs1H7A9YJeHhkGPCEVGMnA3q0YrTcWHJY9ZqODCLogdRlfZI3gWJsHTCx5/DhpoBA==",
      "dependencies": {
        "@exotel-npm-dev/webrtc-core-sdk": "^1.0.11"
      }
    },
    "node_modules/@exotel-npm-dev/webrtc-core-sdk": {
      "version": "1.0.11",
      "resolved": "https://registry.npmjs.org/@exotel-npm-dev/webrtc-core-sdk/-/webrtc-core-sdk-1.0.11.tgz",
      "integrity": "sha512-fN+vQWW8nhiobmAcAFBjCOEHXWqRmpjDCsUIS6aGIyxPFHHzqzSmwPVcBhxPCEXI5ZQogIKR2HWOjOINhdW2Jg=="
    },
    "node_modules/crypto-js": {
      "version": "4.2.0",
      "resolved": "https://registry.npmjs.org/crypto-js/-/crypto-js-4.2.0.tgz",
      "integrity": "sha512-KALDyEYgpY+Rlob/iriUtjV6d5Eq+Y191A5g4UqLAi8CyGP9N1+FdVbkc1SxKc2r4YAYqG8JzO2KGL+AizD70Q=="
    }
  },
  "dependencies": {
    "@exotel-npm-dev/webrtc-client-sdk": {
      "version": "1.0.11",
      "resolved": "https://registry.npmjs.org/@exotel-npm-dev/webrtc-client-sdk/-/webrtc-client-sdk-1.0.11.tgz",
      "integrity": "sha512-Eu//Pgr8l+h6rLnqJh+QrSs1H7A9YJeHhkGPCEVGMnA3q0YrTcWHJY9ZqODCLogdRlfZI3gWJsHTCx5/DhpoBA==",
      "requires": {
        "@exotel-npm-dev/webrtc-core-sdk": "^1.0.11"
      }
    },
    "@exotel-npm-dev/webrtc-core-sdk": {
      "version": "1.0.11",
      "resolved": "https://registry.npmjs.org/@exotel-npm-dev/webrtc-core-sdk/-/webrtc-core-sdk-1.0.11.tgz",
      "integrity": "sha512-fN+vQWW8nhiobmAcAFBjCOEHXWqRmpjDCsUIS6aGIyxPFHHzqzSmwPVcBhxPCEXI5ZQogIKR2HWOjOINhdW2Jg=="
    },
    "crypto-js": {
      "version": "4.2.0",
      "resolved": "https://registry.npmjs.org/crypto-js/-/crypto-js-4.2.0.tgz",
      "integrity": "sha512-KALDyEYgpY+Rlob/iriUtjV6d5Eq+Y191A5g4UqLAi8CyGP9N1+FdVbkc1SxKc2r4YAYqG8JzO2KGL+AizD70Q=="
    }
  }
}
